{
  "name": "vue-cli-web-app-template",
  "version": "1.0.0",
  "lockfileVersion": 1,
  "requires": true,
  "dependencies": {
    "@types/webpack-env": {
      "version": "1.15.1",
      "resolved": "https://registry.npmjs.org/@types/webpack-env/-/webpack-env-1.15.1.tgz",
      "integrity": "sha512-eWN5ElDTeBc5lRDh95SqA8x18D0ll2pWudU3uWiyfsRmIZcmUXpEsxPU+7+BsdCrO2vfLRC629u/MmjbmF+2tA=="
    }
  }
}
